Microsoft Visual Studio Solution File, Format Version 12.00
# Visual Studio Version 17
VisualStudioVersion = 17.5.2.0
MinimumVisualStudioVersion = 10.0.40219.1
Project("{FAE04EC0-301F-11D3-BF4B-00C04F79EFBC}") = "Fullstackapplication", "Fullstackapplication.csproj", "{102885D6-69D0-AE2D-D981-774687A7CC5D}"
EndProject
Global
	GlobalSection(SolutionConfigurationPlatforms) = preSolution
		Debug|Any CPU = Debug|Any CPU
		Release|Any CPU = Release|Any CPU
	EndGlobalSection
	GlobalSection(ProjectConfigurationPlatforms) = postSolution
		{102885D6-69D0-AE2D-D981-774687A7CC5D}.Debug|Any CPU.ActiveCfg = Debug|Any CPU
		{102885D6-69D0-AE2D-D981-774687A7CC5D}.Debug|Any CPU.Build.0 = Debug|Any CPU
		{102885D6-69D0-AE2D-D981-774687A7CC5D}.Release|Any CPU.ActiveCfg = Release|Any CPU
		{102885D6-69D0-AE2D-D981-774687A7CC5D}.Release|Any CPU.Build.0 = Release|Any CPU
	EndGlobalSection
	GlobalSection(SolutionProperties) = preSolution
		HideSolutionNode = FALSE
	EndGlobalSection
	GlobalSection(ExtensibilityGlobals) = postSolution
		SolutionGuid = {D0214CC8-CC46-4D2B-A147-E1E6BED9544A}
	EndGlobalSection
EndGlobal
