
Microsoft Visual Studio Solution File, Format Version 12.00
# Visual Studio Version 17
VisualStudioVersion = 17.14.36310.24 d17.14
MinimumVisualStudioVersion = 10.0.40219.1
Project("{FAE04EC0-301F-11D3-BF4B-00C04F79EFBC}") = "HRAConsoleApp", "HRAConsoleApp\HRAConsoleApp.csproj", "{A56ED132-45AF-4AEE-B360-57D557834D15}"
EndProject
Project("{FAE04EC0-301F-11D3-BF4B-00C04F79EFBC}") = "HRAStaffing", "HRAStaffing\HRAStaffing.csproj", "{1C81A69C-1130-41DD-B9A4-D667EE2A7D50}"
EndProject
Global
	GlobalSection(SolutionConfigurationPlatforms) = preSolution
		Debug|Any CPU = Debug|Any CPU
		Release|Any CPU = Release|Any CPU
	EndGlobalSection
	GlobalSection(ProjectConfigurationPlatforms) = postSolution
		{A56ED132-45AF-4AEE-B360-57D557834D15}.Debug|Any CPU.ActiveCfg = Debug|Any CPU
		{A56ED132-45AF-4AEE-B360-57D557834D15}.Debug|Any CPU.Build.0 = Debug|Any CPU
		{A56ED132-45AF-4AEE-B360-57D557834D15}.Release|Any CPU.ActiveCfg = Release|Any CPU
		{A56ED132-45AF-4AEE-B360-57D557834D15}.Release|Any CPU.Build.0 = Release|Any CPU
		{1C81A69C-1130-41DD-B9A4-D667EE2A7D50}.Debug|Any CPU.ActiveCfg = Debug|Any CPU
		{1C81A69C-1130-41DD-B9A4-D667EE2A7D50}.Debug|Any CPU.Build.0 = Debug|Any CPU
		{1C81A69C-1130-41DD-B9A4-D667EE2A7D50}.Release|Any CPU.ActiveCfg = Release|Any CPU
		{1C81A69C-1130-41DD-B9A4-D667EE2A7D50}.Release|Any CPU.Build.0 = Release|Any CPU
	EndGlobalSection
	GlobalSection(SolutionProperties) = preSolution
		HideSolutionNode = FALSE
	EndGlobalSection
	GlobalSection(ExtensibilityGlobals) = postSolution
		SolutionGuid = {3B5284F8-3204-4377-ADEF-BB1050D9F7BB}
	EndGlobalSection
EndGlobal
