Microsoft Visual Studio Solution File, Format Version 12.00
# Visual Studio Version 17
VisualStudioVersion = 17.5.2.0
MinimumVisualStudioVersion = 10.0.40219.1
Project("{FAE04EC0-301F-11D3-BF4B-00C04F79EFBC}") = "BillingConsoleApp", "BillingConsoleApp.csproj", "{1C4EE0AB-8685-10A1-B19E-806F99589409}"
EndProject
Global
	GlobalSection(SolutionConfigurationPlatforms) = preSolution
		Debug|Any CPU = Debug|Any CPU
		Release|Any CPU = Release|Any CPU
	EndGlobalSection
	GlobalSection(ProjectConfigurationPlatforms) = postSolution
		{1C4EE0AB-8685-10A1-B19E-806F99589409}.Debug|Any CPU.ActiveCfg = Debug|Any CPU
		{1C4EE0AB-8685-10A1-B19E-806F99589409}.Debug|Any CPU.Build.0 = Debug|Any CPU
		{1C4EE0AB-8685-10A1-B19E-806F99589409}.Release|Any CPU.ActiveCfg = Release|Any CPU
		{1C4EE0AB-8685-10A1-B19E-806F99589409}.Release|Any CPU.Build.0 = Release|Any CPU
	EndGlobalSection
	GlobalSection(SolutionProperties) = preSolution
		HideSolutionNode = FALSE
	EndGlobalSection
	GlobalSection(ExtensibilityGlobals) = postSolution
		SolutionGuid = {20FF83D5-6F0E-4967-B3D8-F0F4494288E9}
	EndGlobalSection
EndGlobal
