
Microsoft Visual Studio Solution File, Format Version 12.00
# Visual Studio Version 17
VisualStudioVersion = 17.13.35931.197
MinimumVisualStudioVersion = 10.0.40219.1
Project("{FAE04EC0-301F-11D3-BF4B-00C04F79EFBC}") = "AssessmentAPI", "AssessmentAPI\AssessmentAPI.csproj", "{F9C19FF0-B2EC-4B00-A4B0-721B274B0C69}"
EndProject
Project("{FAE04EC0-301F-11D3-BF4B-00C04F79EFBC}") = "AssessmentLibrary", "AssessmentLibrary\AssessmentLibrary.csproj", "{77F18234-BF6F-4AD1-8A84-8F2583E2E7B8}"
EndProject
Global
	GlobalSection(SolutionConfigurationPlatforms) = preSolution
		Debug|Any CPU = Debug|Any CPU
		Release|Any CPU = Release|Any CPU
	EndGlobalSection
	GlobalSection(ProjectConfigurationPlatforms) = postSolution
		{F9C19FF0-B2EC-4B00-A4B0-721B274B0C69}.Debug|Any CPU.ActiveCfg = Debug|Any CPU
		{F9C19FF0-B2EC-4B00-A4B0-721B274B0C69}.Debug|Any CPU.Build.0 = Debug|Any CPU
		{F9C19FF0-B2EC-4B00-A4B0-721B274B0C69}.Release|Any CPU.ActiveCfg = Release|Any CPU
		{F9C19FF0-B2EC-4B00-A4B0-721B274B0C69}.Release|Any CPU.Build.0 = Release|Any CPU
		{77F18234-BF6F-4AD1-8A84-8F2583E2E7B8}.Debug|Any CPU.ActiveCfg = Debug|Any CPU
		{77F18234-BF6F-4AD1-8A84-8F2583E2E7B8}.Debug|Any CPU.Build.0 = Debug|Any CPU
		{77F18234-BF6F-4AD1-8A84-8F2583E2E7B8}.Release|Any CPU.ActiveCfg = Release|Any CPU
		{77F18234-BF6F-4AD1-8A84-8F2583E2E7B8}.Release|Any CPU.Build.0 = Release|Any CPU
	EndGlobalSection
	GlobalSection(SolutionProperties) = preSolution
		HideSolutionNode = FALSE
	EndGlobalSection
	GlobalSection(ExtensibilityGlobals) = postSolution
		SolutionGuid = {DA078350-E856-4262-95AF-01550F6A93BF}
	EndGlobalSection
EndGlobal
